{
  "lockfile-version": 1,
  "manifest": {
    "version": 1,
    "install": {
      "act": {
        "pkg-path": "act",
        "version": "^0.2.82"
      },
      "claude-code": {
        "pkg-path": "claude-code",
        "version": "^2.0.8"
      },
      "go": {
        "pkg-path": "go",
        "version": "^1.25.0"
      },
      "golangci-lint": {
        "pkg-path": "golangci-lint",
        "version": "^2.5.0"
      }
    },
    "options": {}
  },
  "packages": [
    {
      "attr_path": "act",
      "broken": false,
      "derivation": "/nix/store/6wdji2fzavdz232s5j31kj25qxgb28hg-act-0.2.82.drv",
      "description": "Run your GitHub Actions locally",
      "install_id": "act",
      "license": "MIT",
      "locked_url": "https://github.com/flox/nixpkgs?rev=c9b6fb798541223bbb396d287d16f43520250518",
      "name": "act-0.2.82",
      "pname": "act",
      "rev": "c9b6fb798541223bbb396d287d16f43520250518",
      "rev_count": 873798,
      "rev_date": "2025-10-07T10:12:45Z",
      "scrape_date": "2025-10-09T04:32:18.637419Z",
      "stabilities": [
        "unstable"
      ],
      "unfree": false,
      "version": "0.2.82",
      "outputs_to_install": [
        "out"
      ],
      "outputs": {
        "out": "/nix/store/jhjif7y8c3gh2imah6j670s3f6bc0gi6-act-0.2.82"
      },
      "system": "aarch64-darwin",
      "group": "toplevel",
      "priority": 5
    },
    {
      "attr_path": "act",
      "broken": false,
      "derivation": "/nix/store/hgdzpa9alvdv8d6n2m7wfkjb24cgxpjy-act-0.2.82.drv",
      "description": "Run your GitHub Actions locally",
      "install_id": "act",
      "license": "MIT",
      "locked_url": "https://github.com/flox/nixpkgs?rev=c9b6fb798541223bbb396d287d16f43520250518",
      "name": "act-0.2.82",
      "pname": "act",
      "rev": "c9b6fb798541223bbb396d287d16f43520250518",
      "rev_count": 873798,
      "rev_date": "2025-10-07T10:12:45Z",
      "scrape_date": "2025-10-09T04:42:20.277290Z",
      "stabilities": [
        "unstable"
      ],
      "unfree": false,
      "version": "0.2.82",
      "outputs_to_install": [
        "out"
      ],
      "outputs": {
        "out": "/nix/store/dxxnxwnxy1mvd040lwsl9ikzvjy0w95k-act-0.2.82"
      },
      "system": "aarch64-linux",
      "group": "toplevel",
      "priority": 5
    },
    {
      "attr_path": "act",
      "broken": false,
      "derivation": "/nix/store/b9igq22gfrw8kwfz6gad0x0b1x9rlxh9-act-0.2.82.drv",
      "description": "Run your GitHub Actions locally",
      "install_id": "act",
      "license": "MIT",
      "locked_url": "https://github.com/flox/nixpkgs?rev=c9b6fb798541223bbb396d287d16f43520250518",
      "name": "act-0.2.82",
      "pname": "act",
      "rev": "c9b6fb798541223bbb396d287d16f43520250518",
      "rev_count": 873798,
      "rev_date": "2025-10-07T10:12:45Z",
      "scrape_date": "2025-10-09T04:53:05.494624Z",
      "stabilities": [
        "unstable"
      ],
      "unfree": false,
      "version": "0.2.82",
      "outputs_to_install": [
        "out"
      ],
      "outputs": {
        "out": "/nix/store/8h5bjw0ykbb4qv0i70arrc3la8z5wgn7-act-0.2.82"
      },
      "system": "x86_64-darwin",
      "group": "toplevel",
      "priority": 5
    },
    {
      "attr_path": "act",
      "broken": false,
      "derivation": "/nix/store/3gvkmfy57in4g1ajpxy8dcljzv1a2f5f-act-0.2.82.drv",
      "description": "Run your GitHub Actions locally",
      "install_id": "act",
      "license": "MIT",
      "locked_url": "https://github.com/flox/nixpkgs?rev=c9b6fb798541223bbb396d287d16f43520250518",
      "name": "act-0.2.82",
      "pname": "act",
      "rev": "c9b6fb798541223bbb396d287d16f43520250518",
      "rev_count": 873798,
      "rev_date": "2025-10-07T10:12:45Z",
      "scrape_date": "2025-10-09T05:01:55.147606Z",
      "stabilities": [
        "unstable"
      ],
      "unfree": false,
      "version": "0.2.82",
      "outputs_to_install": [
        "out"
      ],
      "outputs": {
        "out": "/nix/store/x50zwpf2mg9nwlvr4szqjxbymp47wzb1-act-0.2.82"
      },
      "system": "x86_64-linux",
      "group": "toplevel",
      "priority": 5
    },
    {
      "attr_path": "claude-code",
      "broken": false,
      "derivation": "/nix/store/7pxiba6xydvrphkz0jcrcraq43qijq14-claude-code-2.0.8.drv",
      "description": "Agentic coding tool that lives in your terminal, understands your codebase, and helps you code faster",
      "install_id": "claude-code",
      "license": "Unfree",
      "locked_url": "https://github.com/flox/nixpkgs?rev=c9b6fb798541223bbb396d287d16f43520250518",
      "name": "claude-code-2.0.8",
      "pname": "claude-code",
      "rev": "c9b6fb798541223bbb396d287d16f43520250518",
      "rev_count": 873798,
      "rev_date": "2025-10-07T10:12:45Z",
      "scrape_date": "2025-10-09T04:32:19.083950Z",
      "stabilities": [
        "unstable"
      ],
      "unfree": true,
      "version": "2.0.8",
      "outputs_to_install": [
        "out"
      ],
      "outputs": {
        "out": "/nix/store/2nshjwr274lmgilnn0rirsghsz4dhxkb-claude-code-2.0.8"
      },
      "system": "aarch64-darwin",
      "group": "toplevel",
      "priority": 5
    },
    {
      "attr_path": "claude-code",
      "broken": false,
      "derivation": "/nix/store/1pmazya9xvh2xjwyknz29nwyyrl1vk2k-claude-code-2.0.8.drv",
      "description": "Agentic coding tool that lives in your terminal, understands your codebase, and helps you code faster",
      "install_id": "claude-code",
      "license": "Unfree",
      "locked_url": "https://github.com/flox/nixpkgs?rev=c9b6fb798541223bbb396d287d16f43520250518",
      "name": "claude-code-2.0.8",
      "pname": "claude-code",
      "rev": "c9b6fb798541223bbb396d287d16f43520250518",
      "rev_count": 873798,
      "rev_date": "2025-10-07T10:12:45Z",
      "scrape_date": "2025-10-09T04:42:20.810763Z",
      "stabilities": [
        "unstable"
      ],
      "unfree": true,
      "version": "2.0.8",
      "outputs_to_install": [
        "out"
      ],
      "outputs": {
        "out": "/nix/store/igvs4n49xvidxfg7wsjb1vfbfaivsics-claude-code-2.0.8"
      },
      "system": "aarch64-linux",
      "group": "toplevel",
      "priority": 5
    },
    {
      "attr_path": "claude-code",
      "broken": false,
      "derivation": "/nix/store/685v10gd7fxjks9gzpwsb7kxxcf1wmgx-claude-code-2.0.8.drv",
      "description": "Agentic coding tool that lives in your terminal, understands your codebase, and helps you code faster",
      "install_id": "claude-code",
      "license": "Unfree",
      "locked_url": "https://github.com/flox/nixpkgs?rev=c9b6fb798541223bbb396d287d16f43520250518",
      "name": "claude-code-2.0.8",
      "pname": "claude-code",
      "rev": "c9b6fb798541223bbb396d287d16f43520250518",
      "rev_count": 873798,
      "rev_date": "2025-10-07T10:12:45Z",
      "scrape_date": "2025-10-09T04:53:05.913037Z",
      "stabilities": [
        "unstable"
      ],
      "unfree": true,
      "version": "2.0.8",
      "outputs_to_install": [
        "out"
      ],
      "outputs": {
        "out": "/nix/store/y6y9ach74i2crxg6jrpjizc5vb50sl1q-claude-code-2.0.8"
      },
      "system": "x86_64-darwin",
      "group": "toplevel",
      "priority": 5
    },
    {
      "attr_path": "claude-code",
      "broken": false,
      "derivation": "/nix/store/yp0n3y4w6wf1x1a1xlr6w25d5gvaf2r9-claude-code-2.0.8.drv",
      "description": "Agentic coding tool that lives in your terminal, understands your codebase, and helps you code faster",
      "install_id": "claude-code",
      "license": "Unfree",
      "locked_url": "https://github.com/flox/nixpkgs?rev=c9b6fb798541223bbb396d287d16f43520250518",
      "name": "claude-code-2.0.8",
      "pname": "claude-code",
      "rev": "c9b6fb798541223bbb396d287d16f43520250518",
      "rev_count": 873798,
      "rev_date": "2025-10-07T10:12:45Z",
      "scrape_date": "2025-10-09T05:01:55.807670Z",
      "stabilities": [
        "unstable"
      ],
      "unfree": true,
      "version": "2.0.8",
      "outputs_to_install": [
        "out"
      ],
      "outputs": {
        "out": "/nix/store/xflin1ijndq4lf3942l4xmxjm2f1bdz0-claude-code-2.0.8"
      },
      "system": "x86_64-linux",
      "group": "toplevel",
      "priority": 5
    },
    {
      "attr_path": "go",
      "broken": false,
      "derivation": "/nix/store/y5x5347c73arzs2vlwrlv0gwazzn4c4w-go-1.25.1.drv",
      "description": "Go Programming language",
      "install_id": "go",
      "license": "BSD-3-Clause",
      "locked_url": "https://github.com/flox/nixpkgs?rev=c9b6fb798541223bbb396d287d16f43520250518",
      "name": "go-1.25.1",
      "pname": "go",
      "rev": "c9b6fb798541223bbb396d287d16f43520250518",
      "rev_count": 873798,
      "rev_date": "2025-10-07T10:12:45Z",
      "scrape_date": "2025-10-09T04:32:19.968069Z",
      "stabilities": [
        "unstable"
      ],
      "unfree": false,
      "version": "1.25.1",
      "outputs_to_install": [
        "out"
      ],
      "outputs": {
        "out": "/nix/store/mkdfnr1nkfj2kznxyag9pypbxp3wqqdv-go-1.25.1"
      },
      "system": "aarch64-darwin",
      "group": "toplevel",
      "priority": 5
    },
    {
      "attr_path": "go",
      "broken": false,
      "derivation": "/nix/store/65a5s6fph93p4vrapgkr434ph08ysw37-go-1.25.1.drv",
      "description": "Go Programming language",
      "install_id": "go",
      "license": "BSD-3-Clause",
      "locked_url": "https://github.com/flox/nixpkgs?rev=c9b6fb798541223bbb396d287d16f43520250518",
      "name": "go-1.25.1",
      "pname": "go",
      "rev": "c9b6fb798541223bbb396d287d16f43520250518",
      "rev_count": 873798,
      "rev_date": "2025-10-07T10:12:45Z",
      "scrape_date": "2025-10-09T04:42:22.464834Z",
      "stabilities": [
        "unstable"
      ],
      "unfree": false,
      "version": "1.25.1",
      "outputs_to_install": [
        "out"
      ],
      "outputs": {
        "out": "/nix/store/0jzj8p7k9wkr4l17sgrlg3z5di27sggf-go-1.25.1"
      },
      "system": "aarch64-linux",
      "group": "toplevel",
      "priority": 5
    },
    {
      "attr_path": "go",
      "broken": false,
      "derivation": "/nix/store/msh9zd24ibapl8h0lplg2g4rh3n175sw-go-1.25.1.drv",
      "description": "Go Programming language",
      "install_id": "go",
      "license": "BSD-3-Clause",
      "locked_url": "https://github.com/flox/nixpkgs?rev=c9b6fb798541223bbb396d287d16f43520250518",
      "name": "go-1.25.1",
      "pname": "go",
      "rev": "c9b6fb798541223bbb396d287d16f43520250518",
      "rev_count": 873798,
      "rev_date": "2025-10-07T10:12:45Z",
      "scrape_date": "2025-10-09T04:53:06.794412Z",
      "stabilities": [
        "unstable"
      ],
      "unfree": false,
      "version": "1.25.1",
      "outputs_to_install": [
        "out"
      ],
      "outputs": {
        "out": "/nix/store/q2xylk8h3kbfajhw2lpdmyzyyqgqx8fl-go-1.25.1"
      },
      "system": "x86_64-darwin",
      "group": "toplevel",
      "priority": 5
    },
    {
      "attr_path": "go",
      "broken": false,
      "derivation": "/nix/store/hzlhas3lcj197wmksb8rp4mxgnw6iv5n-go-1.25.1.drv",
      "description": "Go Programming language",
      "install_id": "go",
      "license": "BSD-3-Clause",
      "locked_url": "https://github.com/flox/nixpkgs?rev=c9b6fb798541223bbb396d287d16f43520250518",
      "name": "go-1.25.1",
      "pname": "go",
      "rev": "c9b6fb798541223bbb396d287d16f43520250518",
      "rev_count": 873798,
      "rev_date": "2025-10-07T10:12:45Z",
      "scrape_date": "2025-10-09T05:01:57.817001Z",
      "stabilities": [
        "unstable"
      ],
      "unfree": false,
      "version": "1.25.1",
      "outputs_to_install": [
        "out"
      ],
      "outputs": {
        "out": "/nix/store/f01qkydd3c2jqwi4w6hkddkf3blp16kw-go-1.25.1"
      },
      "system": "x86_64-linux",
      "group": "toplevel",
      "priority": 5
    },
    {
      "attr_path": "golangci-lint",
      "broken": false,
      "derivation": "/nix/store/hxn6gkj7a25z2bjfc12y4s42mp00vlnf-golangci-lint-2.5.0.drv",
      "description": "Fast linters Runner for Go",
      "install_id": "golangci-lint",
      "license": "GPL-3.0-or-later",
      "locked_url": "https://github.com/flox/nixpkgs?rev=c9b6fb798541223bbb396d287d16f43520250518",
      "name": "golangci-lint-2.5.0",
      "pname": "golangci-lint",
      "rev": "c9b6fb798541223bbb396d287d16f43520250518",
      "rev_count": 873798,
      "rev_date": "2025-10-07T10:12:45Z",
      "scrape_date": "2025-10-09T04:32:20.015778Z",
      "stabilities": [
        "unstable"
      ],
      "unfree": false,
      "version": "2.5.0",
      "outputs_to_install": [
        "out"
      ],
      "outputs": {
        "out": "/nix/store/15bzlcc1h11sv9vwawrnfcw0avn3nhlw-golangci-lint-2.5.0"
      },
      "system": "aarch64-darwin",
      "group": "toplevel",
      "priority": 5
    },
    {
      "attr_path": "golangci-lint",
      "broken": false,
      "derivation": "/nix/store/gh5nc3kip60hd3jn9qqrfry16vc2bvbr-golangci-lint-2.5.0.drv",
      "description": "Fast linters Runner for Go",
      "install_id": "golangci-lint",
      "license": "GPL-3.0-or-later",
      "locked_url": "https://github.com/flox/nixpkgs?rev=c9b6fb798541223bbb396d287d16f43520250518",
      "name": "golangci-lint-2.5.0",
      "pname": "golangci-lint",
      "rev": "c9b6fb798541223bbb396d287d16f43520250518",
      "rev_count": 873798,
      "rev_date": "2025-10-07T10:12:45Z",
      "scrape_date": "2025-10-09T04:42:22.547041Z",
      "stabilities": [
        "unstable"
      ],
      "unfree": false,
      "version": "2.5.0",
      "outputs_to_install": [
        "out"
      ],
      "outputs": {
        "out": "/nix/store/60qpwfy5bac8lflw12kffxdhvvylsr4k-golangci-lint-2.5.0"
      },
      "system": "aarch64-linux",
      "group": "toplevel",
      "priority": 5
    },
    {
      "attr_path": "golangci-lint",
      "broken": false,
      "derivation": "/nix/store/1wj7ic62v0pxq01m9gqi5hmr28s2d01x-golangci-lint-2.5.0.drv",
      "description": "Fast linters Runner for Go",
      "install_id": "golangci-lint",
      "license": "GPL-3.0-or-later",
      "locked_url": "https://github.com/flox/nixpkgs?rev=c9b6fb798541223bbb396d287d16f43520250518",
      "name": "golangci-lint-2.5.0",
      "pname": "golangci-lint",
      "rev": "c9b6fb798541223bbb396d287d16f43520250518",
      "rev_count": 873798,
      "rev_date": "2025-10-07T10:12:45Z",
      "scrape_date": "2025-10-09T04:53:06.843475Z",
      "stabilities": [
        "unstable"
      ],
      "unfree": false,
      "version": "2.5.0",
      "outputs_to_install": [
        "out"
      ],
      "outputs": {
        "out": "/nix/store/laxn1i91p32i319i5ixslxz4bl451hvq-golangci-lint-2.5.0"
      },
      "system": "x86_64-darwin",
      "group": "toplevel",
      "priority": 5
    },
    {
      "attr_path": "golangci-lint",
      "broken": false,
      "derivation": "/nix/store/5kw31k8i7bn4f8ibidmb84z8ds6z6sxs-golangci-lint-2.5.0.drv",
      "description": "Fast linters Runner for Go",
      "install_id": "golangci-lint",
      "license": "GPL-3.0-or-later",
      "locked_url": "https://github.com/flox/nixpkgs?rev=c9b6fb798541223bbb396d287d16f43520250518",
      "name": "golangci-lint-2.5.0",
      "pname": "golangci-lint",
      "rev": "c9b6fb798541223bbb396d287d16f43520250518",
      "rev_count": 873798,
      "rev_date": "2025-10-07T10:12:45Z",
      "scrape_date": "2025-10-09T05:01:57.912858Z",
      "stabilities": [
        "unstable"
      ],
      "unfree": false,
      "version": "2.5.0",
      "outputs_to_install": [
        "out"
      ],
      "outputs": {
        "out": "/nix/store/s95zr6py9ppj3hpm295mdzs40q59177p-golangci-lint-2.5.0"
      },
      "system": "x86_64-linux",
      "group": "toplevel",
      "priority": 5
    }
  ]
}